<Solution>
  <Project Path="Identity.API/Identity.API.csproj" />
  <Project Path="Identity.Application/Identity.Application.csproj" />
  <Project Path="Identity.Domain/Identity.Domain.csproj" />
  <Project Path="Identity.Infrastructure/Identity.Infrastructure.csproj" />
  <Project Path="Identity.Mediator/Identity.Mediator.csproj" />
</Solution>
